// !$*UTF8*$!
{
	archiveVersion = 1;
	classes = {
	};
	objectVersion = 51;
	objects = {

/* Begin PBXBuildFile section */
		6F013FC42526E5A600954D59 /* Pic2ViewController.swift in Sources */ = {isa = PBXBuildFile; fileRef = 6F013FC32526E5A600954D59 /* Pic2ViewController.swift */; };
		6F2A9EBD251193240067CE92 /* AppDelegate.swift in Sources */ = {isa = PBXBuildFile; fileRef = 6F2A9EBC251193240067CE92 /* AppDelegate.swift */; };
		6F2A9EBF251193240067CE92 /* SceneDelegate.swift in Sources */ = {isa = PBXBuildFile; fileRef = 6F2A9EBE251193240067CE92 /* SceneDelegate.swift */; };
		6F2A9EC1251193240067CE92 /* ViewController.swift in Sources */ = {isa = PBXBuildFile; fileRef = 6F2A9EC0251193240067CE92 /* ViewController.swift */; };
		6F2A9EC4251193240067CE92 /* Main.storyboard in Resources */ = {isa = PBXBuildFile; fileRef = 6F2A9EC2251193240067CE92 /* Main.storyboard */; };
		6F2A9EC6251193260067CE92 /* Assets.xcassets in Resources */ = {isa = PBXBuildFile; fileRef = 6F2A9EC5251193260067CE92 /* Assets.xcassets */; };
		6F2A9EC9251193260067CE92 /* LaunchScreen.storyboard in Resources */ = {isa = PBXBuildFile; fileRef = 6F2A9EC7251193260067CE92 /* LaunchScreen.storyboard */; };
		6F368A1625145CB600CCFE2A /* page1ViewController.swift in Sources */ = {isa = PBXBuildFile; fileRef = 6F368A1525145CB600CCFE2A /* page1ViewController.swift */; };
		6F368A1925145CC400CCFE2A /* page2ViewController.swift in Sources */ = {isa = PBXBuildFile; fileRef = 6F368A1825145CC400CCFE2A /* page2ViewController.swift */; };
		6F368A1D251474E200CCFE2A /* pickerViewController.swift in Sources */ = {isa = PBXBuildFile; fileRef = 6F368A1C251474E200CCFE2A /* pickerViewController.swift */; };
		6F368A2025148B7E00CCFE2A /* PicViewController.swift in Sources */ = {isa = PBXBuildFile; fileRef = 6F368A1F25148B7E00CCFE2A /* PicViewController.swift */; };
		6FD1BEE1251C752600348C5F /* page1hyoujiViewController.swift in Sources */ = {isa = PBXBuildFile; fileRef = 6FD1BEE0251C752600348C5F /* page1hyoujiViewController.swift */; };
		6FD1E18725230EEA005CE6E1 /* Page3ViewController.swift in Sources */ = {isa = PBXBuildFile; fileRef = 6FD1E18625230EEA005CE6E1 /* Page3ViewController.swift */; };
		6FEB08D625119EBE00BAFFA9 /* RealmViewController.swift in Sources */ = {isa = PBXBuildFile; fileRef = 6FEB08D525119EBE00BAFFA9 /* RealmViewController.swift */; };
		A5379A97FABFA13AB7DF0132 /* Pods_realm1.framework in Frameworks */ = {isa = PBXBuildFile; fileRef = 26566B3B85438049D8EE7606 /* Pods_realm1.framework */; };
/* End PBXBuildFile section */

/* Begin PBXFileReference section */
		26566B3B85438049D8EE7606 /* Pods_realm1.framework */ = {isa = PBXFileReference; explicitFileType = wrapper.framework; includeInIndex = 0; path = Pods_realm1.framework; sourceTree = BUILT_PRODUCTS_DIR; };
		6F013FC32526E5A600954D59 /* Pic2ViewController.swift */ = {isa = PBXFileReference; lastKnownFileType = sourcecode.swift; path = Pic2ViewController.swift; sourceTree = "<group>"; };
		6F2A9EB9251193240067CE92 /* realm1.app */ = {isa = PBXFileReference; explicitFileType = wrapper.application; includeInIndex = 0; path = realm1.app; sourceTree = BUILT_PRODUCTS_DIR; };
		6F2A9EBC251193240067CE92 /* AppDelegate.swift */ = {isa = PBXFileReference; lastKnownFileType = sourcecode.swift; path = AppDelegate.swift; sourceTree = "<group>"; };
		6F2A9EBE251193240067CE92 /* SceneDelegate.swift */ = {isa = PBXFileReference; lastKnownFileType = sourcecode.swift; path = SceneDelegate.swift; sourceTree = "<group>"; };
		6F2A9EC0251193240067CE92 /* ViewController.swift */ = {isa = PBXFileReference; lastKnownFileType = sourcecode.swift; path = ViewController.swift; sourceTree = "<group>"; };
		6F2A9EC3251193240067CE92 /* Base */ = {isa = PBXFileReference; lastKnownFileType = file.storyboard; name = Base; path = Base.lproj/Main.storyboard; sourceTree = "<group>"; };
		6F2A9EC5251193260067CE92 /* Assets.xcassets */ = {isa = PBXFileReference; lastKnownFileType = folder.assetcatalog; path = Assets.xcassets; sourceTree = "<group>"; };
		6F2A9EC8251193260067CE92 /* Base */ = {isa = PBXFileReference; lastKnownFileType = file.storyboard; name = Base; path = Base.lproj/LaunchScreen.storyboard; sourceTree = "<group>"; };
		6F2A9ECA251193260067CE92 /* Info.plist */ = {isa = PBXFileReference; lastKnownFileType = text.plist.xml; path = Info.plist; sourceTree = "<group>"; };
		6F368A1525145CB600CCFE2A /* page1ViewController.swift */ = {isa = PBXFileReference; lastKnownFileType = sourcecode.swift; path = page1ViewController.swift; sourceTree = "<group>"; };
		6F368A1825145CC400CCFE2A /* page2ViewController.swift */ = {isa = PBXFileReference; lastKnownFileType = sourcecode.swift; path = page2ViewController.swift; sourceTree = "<group>"; };
		6F368A1C251474E200CCFE2A /* pickerViewController.swift */ = {isa = PBXFileReference; lastKnownFileType = sourcecode.swift; path = pickerViewController.swift; sourceTree = "<group>"; };
		6F368A1F25148B7E00CCFE2A /* PicViewController.swift */ = {isa = PBXFileReference; lastKnownFileType = sourcecode.swift; path = PicViewController.swift; sourceTree = "<group>"; };
		6FD1BEE0251C752600348C5F /* page1hyoujiViewController.swift */ = {isa = PBXFileReference; lastKnownFileType = sourcecode.swift; path = page1hyoujiViewController.swift; sourceTree = "<group>"; };
		6FD1E18625230EEA005CE6E1 /* Page3ViewController.swift */ = {isa = PBXFileReference; lastKnownFileType = sourcecode.swift; path = Page3ViewController.swift; sourceTree = "<group>"; };
		6FEB08D525119EBE00BAFFA9 /* RealmViewController.swift */ = {isa = PBXFileReference; lastKnownFileType = sourcecode.swift; path = RealmViewController.swift; sourceTree = "<group>"; };
		8A835CF6F3949EE0699057D6 /* Pods-realm1.release.xcconfig */ = {isa = PBXFileReference; includeInIndex = 1; lastKnownFileType = text.xcconfig; name = "Pods-realm1.release.xcconfig"; path = "Target Support Files/Pods-realm1/Pods-realm1.release.xcconfig"; sourceTree = "<group>"; };
		E646B2A22E971985CB971342 /* Pods-realm1.debug.xcconfig */ = {isa = PBXFileReference; includeInIndex = 1; lastKnownFileType = text.xcconfig; name = "Pods-realm1.debug.xcconfig"; path = "Target Support Files/Pods-realm1/Pods-realm1.debug.xcconfig"; sourceTree = "<group>"; };
/* End PBXFileReference section */

/* Begin PBXFrameworksBuildPhase section */
		6F2A9EB6251193240067CE92 /* Frameworks */ = {
			isa = PBXFrameworksBuildPhase;
			buildActionMask = 2147483647;
			files = (
				A5379A97FABFA13AB7DF0132 /* Pods_realm1.framework in Frameworks */,
			);
			runOnlyForDeploymentPostprocessing = 0;
		};
/* End PBXFrameworksBuildPhase section */

/* Begin PBXGroup section */
		5713AC609CF99D7EA93E1893 /* Pods */ = {
			isa = PBXGroup;
			children = (
				E646B2A22E971985CB971342 /* Pods-realm1.debug.xcconfig */,
				8A835CF6F3949EE0699057D6 /* Pods-realm1.release.xcconfig */,
			);
			path = Pods;
			sourceTree = "<group>";
		};
		6F2A9EB0251193240067CE92 = {
			isa = PBXGroup;
			children = (
				6F2A9EBB251193240067CE92 /* realm1 */,
				6F2A9EBA251193240067CE92 /* Products */,
				5713AC609CF99D7EA93E1893 /* Pods */,
				B927FC767896F71D0CC87CC7 /* Frameworks */,
			);
			sourceTree = "<group>";
		};
		6F2A9EBA251193240067CE92 /* Products */ = {
			isa = PBXGroup;
			children = (
				6F2A9EB9251193240067CE92 /* realm1.app */,
			);
			name = Products;
			sourceTree = "<group>";
		};
		6F2A9EBB251193240067CE92 /* realm1 */ = {
			isa = PBXGroup;
			children = (
				6F2A9EBC251193240067CE92 /* AppDelegate.swift */,
				6F2A9EBE251193240067CE92 /* SceneDelegate.swift */,
				6F2A9EC0251193240067CE92 /* ViewController.swift */,
				6FEB08D525119EBE00BAFFA9 /* RealmViewController.swift */,
				6F368A1525145CB600CCFE2A /* page1ViewController.swift */,
				6F368A1825145CC400CCFE2A /* page2ViewController.swift */,
				6FD1E18625230EEA005CE6E1 /* Page3ViewController.swift */,
				6F368A1C251474E200CCFE2A /* pickerViewController.swift */,
				6F368A1F25148B7E00CCFE2A /* PicViewController.swift */,
				6F013FC32526E5A600954D59 /* Pic2ViewController.swift */,
				6FD1BEE0251C752600348C5F /* page1hyoujiViewController.swift */,
				6F2A9EC2251193240067CE92 /* Main.storyboard */,
				6F2A9EC5251193260067CE92 /* Assets.xcassets */,
				6F2A9EC7251193260067CE92 /* LaunchScreen.storyboard */,
				6F2A9ECA251193260067CE92 /* Info.plist */,
			);
			path = realm1;
			sourceTree = "<group>";
		};
		B927FC767896F71D0CC87CC7 /* Frameworks */ = {
			isa = PBXGroup;
			children = (
				26566B3B85438049D8EE7606 /* Pods_realm1.framework */,
			);
			name = Frameworks;
			sourceTree = "<group>";
		};
/* End PBXGroup section */

/* Begin PBXNativeTarget section */
		6F2A9EB8251193240067CE92 /* realm1 */ = {
			isa = PBXNativeTarget;
			buildConfigurationList = 6F2A9ECD251193260067CE92 /* Build configuration list for PBXNativeTarget "realm1" */;
			buildPhases = (
				D8B4074AA97A5E222B123F00 /* [CP] Check Pods Manifest.lock */,
				6F2A9EB5251193240067CE92 /* Sources */,
				6F2A9EB6251193240067CE92 /* Frameworks */,
				6F2A9EB7251193240067CE92 /* Resources */,
				4414B9BE53EB16038CE2602E /* [CP] Embed Pods Frameworks */,
			);
			buildRules = (
			);
			dependencies = (
			);
			name = realm1;
			productName = realm1;
			productReference = 6F2A9EB9251193240067CE92 /* realm1.app */;
			productType = "com.apple.product-type.application";
		};
/* End PBXNativeTarget section */

/* Begin PBXProject section */
		6F2A9EB1251193240067CE92 /* Project object */ = {
			isa = PBXProject;
			attributes = {
				LastSwiftUpdateCheck = 1170;
				LastUpgradeCheck = 1170;
				ORGANIZATIONNAME = "土居浩規";
				TargetAttributes = {
					6F2A9EB8251193240067CE92 = {
						CreatedOnToolsVersion = 11.7;
					};
				};
			};
			buildConfigurationList = 6F2A9EB4251193240067CE92 /* Build configuration list for PBXProject "realm1" */;
			compatibilityVersion = "Xcode 9.3";
			developmentRegion = en;
			hasScannedForEncodings = 0;
			knownRegions = (
				en,
				Base,
			);
			mainGroup = 6F2A9EB0251193240067CE92;
			productRefGroup = 6F2A9EBA251193240067CE92 /* Products */;
			projectDirPath = "";
			projectRoot = "";
			targets = (
				6F2A9EB8251193240067CE92 /* realm1 */,
			);
		};
/* End PBXProject section */

/* Begin PBXResourcesBuildPhase section */
		6F2A9EB7251193240067CE92 /* Resources */ = {
			isa = PBXResourcesBuildPhase;
			buildActionMask = 2147483647;
			files = (
				6F2A9EC9251193260067CE92 /* LaunchScreen.storyboard in Resources */,
				6F2A9EC6251193260067CE92 /* Assets.xcassets in Resources */,
				6F2A9EC4251193240067CE92 /* Main.storyboard in Resources */,
			);
			runOnlyForDeploymentPostprocessing = 0;
		};
/* End PBXResourcesBuildPhase section */

/* Begin PBXShellScriptBuildPhase section */
		4414B9BE53EB16038CE2602E /* [CP] Embed Pods Frameworks */ = {
			isa = PBXShellScriptBuildPhase;
			buildActionMask = 2147483647;
			files = (
			);
			inputFileListPaths = (
				"${PODS_ROOT}/Target Support Files/Pods-realm1/Pods-realm1-frameworks-${CONFIGURATION}-input-files.xcfilelist",
			);
			name = "[CP] Embed Pods Frameworks";
			outputFileListPaths = (
				"${PODS_ROOT}/Target Support Files/Pods-realm1/Pods-realm1-frameworks-${CONFIGURATION}-output-files.xcfilelist",
			);
			runOnlyForDeploymentPostprocessing = 0;
			shellPath = /bin/sh;
			shellScript = "\"${PODS_ROOT}/Target Support Files/Pods-realm1/Pods-realm1-frameworks.sh\"\n";
			showEnvVarsInLog = 0;
		};
		D8B4074AA97A5E222B123F00 /* [CP] Check Pods Manifest.lock */ = {
			isa = PBXShellScriptBuildPhase;
			buildActionMask = 2147483647;
			files = (
			);
			inputFileListPaths = (
			);
			inputPaths = (
				"${PODS_PODFILE_DIR_PATH}/Podfile.lock",
				"${PODS_ROOT}/Manifest.lock",
			);
			name = "[CP] Check Pods Manifest.lock";
			outputFileListPaths = (
			);
			outputPaths = (
				"$(DERIVED_FILE_DIR)/Pods-realm1-checkManifestLockResult.txt",
			);
			runOnlyForDeploymentPostprocessing = 0;
			shellPath = /bin/sh;
			shellScript = "diff \"${PODS_PODFILE_DIR_PATH}/Podfile.lock\" \"${PODS_ROOT}/Manifest.lock\" > /dev/null\nif [ $? != 0 ] ; then\n    # print error to STDERR\n    echo \"error: The sandbox is not in sync with the Podfile.lock. Run 'pod install' or update your CocoaPods installation.\" >&2\n    exit 1\nfi\n# This output is used by Xcode 'outputs' to avoid re-running this script phase.\necho \"SUCCESS\" > \"${SCRIPT_OUTPUT_FILE_0}\"\n";
			showEnvVarsInLog = 0;
		};
/* End PBXShellScriptBuildPhase section */

/* Begin PBXSourcesBuildPhase section */
		6F2A9EB5251193240067CE92 /* Sources */ = {
			isa = PBXSourcesBuildPhase;
			buildActionMask = 2147483647;
			files = (
				6F368A1925145CC400CCFE2A /* page2ViewController.swift in Sources */,
				6FEB08D625119EBE00BAFFA9 /* RealmViewController.swift in Sources */,
				6F013FC42526E5A600954D59 /* Pic2ViewController.swift in Sources */,
				6F2A9EC1251193240067CE92 /* ViewController.swift in Sources */,
				6FD1E18725230EEA005CE6E1 /* Page3ViewController.swift in Sources */,
				6F368A1625145CB600CCFE2A /* page1ViewController.swift in Sources */,
				6F368A1D251474E200CCFE2A /* pickerViewController.swift in Sources */,
				6F368A2025148B7E00CCFE2A /* PicViewController.swift in Sources */,
				6F2A9EBD251193240067CE92 /* AppDelegate.swift in Sources */,
				6F2A9EBF251193240067CE92 /* SceneDelegate.swift in Sources */,
				6FD1BEE1251C752600348C5F /* page1hyoujiViewController.swift in Sources */,
			);
			runOnlyForDeploymentPostprocessing = 0;
		};
/* End PBXSourcesBuildPhase section */

/* Begin PBXVariantGroup section */
		6F2A9EC2251193240067CE92 /* Main.storyboard */ = {
			isa = PBXVariantGroup;
			children = (
				6F2A9EC3251193240067CE92 /* Base */,
			);
			name = Main.storyboard;
			sourceTree = "<group>";
		};
		6F2A9EC7251193260067CE92 /* LaunchScreen.storyboard */ = {
			isa = PBXVariantGroup;
			children = (
				6F2A9EC8251193260067CE92 /* Base */,
			);
			name = LaunchScreen.storyboard;
			sourceTree = "<group>";
		};
/* End PBXVariantGroup section */

/* Begin XCBuildConfiguration section */
		6F2A9ECB251193260067CE92 /* Debug */ = {
			isa = XCBuildConfiguration;
			buildSettings = {
				ALWAYS_SEARCH_USER_PATHS = NO;
				CLANG_ANALYZER_NONNULL = YES;
				CLANG_ANALYZER_NUMBER_OBJECT_CONVERSION = YES_AGGRESSIVE;
				CLANG_CXX_LANGUAGE_STANDARD = "gnu++14";
				CLANG_CXX_LIBRARY = "libc++";
				CLANG_ENABLE_MODULES = YES;
				CLANG_ENABLE_OBJC_ARC = YES;
				CLANG_ENABLE_OBJC_WEAK = YES;
				CLANG_WARN_BLOCK_CAPTURE_AUTORELEASING = YES;
				CLANG_WARN_BOOL_CONVERSION = YES;
				CLANG_WARN_COMMA = YES;
				CLANG_WARN_CONSTANT_CONVERSION = YES;
				CLANG_WARN_DEPRECATED_OBJC_IMPLEMENTATIONS = YES;
				CLANG_WARN_DIRECT_OBJC_ISA_USAGE = YES_ERROR;
				CLANG_WARN_DOCUMENTATION_COMMENTS = YES;
				CLANG_WARN_EMPTY_BODY = YES;
				CLANG_WARN_ENUM_CONVERSION = YES;
				CLANG_WARN_INFINITE_RECURSION = YES;
				CLANG_WARN_INT_CONVERSION = YES;
				CLANG_WARN_NON_LITERAL_NULL_CONVERSION = YES;
				CLANG_WARN_OBJC_IMPLICIT_RETAIN_SELF = YES;
				CLANG_WARN_OBJC_LITERAL_CONVERSION = YES;
				CLANG_WARN_OBJC_ROOT_CLASS = YES_ERROR;
				CLANG_WARN_RANGE_LOOP_ANALYSIS = YES;
				CLANG_WARN_STRICT_PROTOTYPES = YES;
				CLANG_WARN_SUSPICIOUS_MOVE = YES;
				CLANG_WARN_UNGUARDED_AVAILABILITY = YES_AGGRESSIVE;
				CLANG_WARN_UNREACHABLE_CODE = YES;
				CLANG_WARN__DUPLICATE_METHOD_MATCH = YES;
				COPY_PHASE_STRIP = NO;
				DEBUG_INFORMATION_FORMAT = dwarf;
				ENABLE_STRICT_OBJC_MSGSEND = YES;
				ENABLE_TESTABILITY = YES;
				GCC_C_LANGUAGE_STANDARD = gnu11;
				GCC_DYNAMIC_NO_PIC = NO;
				GCC_NO_COMMON_BLOCKS = YES;
				GCC_OPTIMIZATION_LEVEL = 0;
				GCC_PREPROCESSOR_DEFINITIONS = (
					"DEBUG=1",
					"$(inherited)",
				);
				GCC_WARN_64_TO_32_BIT_CONVERSION = YES;
				GCC_WARN_ABOUT_RETURN_TYPE = YES_ERROR;
				GCC_WARN_UNDECLARED_SELECTOR = YES;
				GCC_WARN_UNINITIALIZED_AUTOS = YES_AGGRESSIVE;
				GCC_WARN_UNUSED_FUNCTION = YES;
				GCC_WARN_UNUSED_VARIABLE = YES;
				IPHONEOS_DEPLOYMENT_TARGET = 13.7;
				MTL_ENABLE_DEBUG_INFO = INCLUDE_SOURCE;
				MTL_FAST_MATH = YES;
				ONLY_ACTIVE_ARCH = YES;
				SDKROOT = iphoneos;
				SWIFT_ACTIVE_COMPILATION_CONDITIONS = DEBUG;
				SWIFT_OPTIMIZATION_LEVEL = "-Onone";
			};
			name = Debug;
		};
		6F2A9ECC251193260067CE92 /* Release */ = {
			isa = XCBuildConfiguration;
			buildSettings = {
				ALWAYS_SEARCH_USER_PATHS = NO;
				CLANG_ANALYZER_NONNULL = YES;
				CLANG_ANALYZER_NUMBER_OBJECT_CONVERSION = YES_AGGRESSIVE;
				CLANG_CXX_LANGUAGE_STANDARD = "gnu++14";
				CLANG_CXX_LIBRARY = "libc++";
				CLANG_ENABLE_MODULES = YES;
				CLANG_ENABLE_OBJC_ARC = YES;
				CLANG_ENABLE_OBJC_WEAK = YES;
				CLANG_WARN_BLOCK_CAPTURE_AUTORELEASING = YES;
				CLANG_WARN_BOOL_CONVERSION = YES;
				CLANG_WARN_COMMA = YES;
				CLANG_WARN_CONSTANT_CONVERSION = YES;
				CLANG_WARN_DEPRECATED_OBJC_IMPLEMENTATIONS = YES;
				CLANG_WARN_DIRECT_OBJC_ISA_USAGE = YES_ERROR;
				CLANG_WARN_DOCUMENTATION_COMMENTS = YES;
				CLANG_WARN_EMPTY_BODY = YES;
				CLANG_WARN_ENUM_CONVERSION = YES;
				CLANG_WARN_INFINITE_RECURSION = YES;
				CLANG_WARN_INT_CONVERSION = YES;
				CLANG_WARN_NON_LITERAL_NULL_CONVERSION = YES;
				CLANG_WARN_OBJC_IMPLICIT_RETAIN_SELF = YES;
				CLANG_WARN_OBJC_LITERAL_CONVERSION = YES;
				CLANG_WARN_OBJC_ROOT_CLASS = YES_ERROR;
				CLANG_WARN_RANGE_LOOP_ANALYSIS = YES;
				CLANG_WARN_STRICT_PROTOTYPES = YES;
				CLANG_WARN_SUSPICIOUS_MOVE = YES;
				CLANG_WARN_UNGUARDED_AVAILABILITY = YES_AGGRESSIVE;
				CLANG_WARN_UNREACHABLE_CODE = YES;
				CLANG_WARN__DUPLICATE_METHOD_MATCH = YES;
				COPY_PHASE_STRIP = NO;
				DEBUG_INFORMATION_FORMAT = "dwarf-with-dsym";
				ENABLE_NS_ASSERTIONS = NO;
				ENABLE_STRICT_OBJC_MSGSEND = YES;
				GCC_C_LANGUAGE_STANDARD = gnu11;
				GCC_NO_COMMON_BLOCKS = YES;
				GCC_WARN_64_TO_32_BIT_CONVERSION = YES;
				GCC_WARN_ABOUT_RETURN_TYPE = YES_ERROR;
				GCC_WARN_UNDECLARED_SELECTOR = YES;
				GCC_WARN_UNINITIALIZED_AUTOS = YES_AGGRESSIVE;
				GCC_WARN_UNUSED_FUNCTION = YES;
				GCC_WARN_UNUSED_VARIABLE = YES;
				IPHONEOS_DEPLOYMENT_TARGET = 13.7;
				MTL_ENABLE_DEBUG_INFO = NO;
				MTL_FAST_MATH = YES;
				SDKROOT = iphoneos;
				SWIFT_COMPILATION_MODE = wholemodule;
				SWIFT_OPTIMIZATION_LEVEL = "-O";
				VALIDATE_PRODUCT = YES;
			};
			name = Release;
		};
		6F2A9ECE251193260067CE92 /* Debug */ = {
			isa = XCBuildConfiguration;
			baseConfigurationReference = E646B2A22E971985CB971342 /* Pods-realm1.debug.xcconfig */;
			buildSettings = {
				ASSETCATALOG_COMPILER_APPICON_NAME = AppIcon;
				CODE_SIGN_STYLE = Automatic;
				DEVELOPMENT_TEAM = HWFBK9C4AQ;
				INFOPLIST_FILE = realm1/Info.plist;
				LD_RUNPATH_SEARCH_PATHS = (
					"$(inherited)",
					"@executable_path/Frameworks",
				);
				PRODUCT_BUNDLE_IDENTIFIER = TeamD.realm1;
				PRODUCT_NAME = "$(TARGET_NAME)";
				SWIFT_VERSION = 5.0;
				TARGETED_DEVICE_FAMILY = "1,2";
			};
			name = Debug;
		};
		6F2A9ECF251193260067CE92 /* Release */ = {
			isa = XCBuildConfiguration;
			baseConfigurationReference = 8A835CF6F3949EE0699057D6 /* Pods-realm1.release.xcconfig */;
			buildSettings = {
				ASSETCATALOG_COMPILER_APPICON_NAME = AppIcon;
				CODE_SIGN_STYLE = Automatic;
				DEVELOPMENT_TEAM = HWFBK9C4AQ;
				INFOPLIST_FILE = realm1/Info.plist;
				LD_RUNPATH_SEARCH_PATHS = (
					"$(inherited)",
					"@executable_path/Frameworks",
				);
				PRODUCT_BUNDLE_IDENTIFIER = TeamD.realm1;
				PRODUCT_NAME = "$(TARGET_NAME)";
				SWIFT_VERSION = 5.0;
				TARGETED_DEVICE_FAMILY = "1,2";
			};
			name = Release;
		};
/* End XCBuildConfiguration section */

/* Begin XCConfigurationList section */
		6F2A9EB4251193240067CE92 /* Build configuration list for PBXProject "realm1" */ = {
			isa = XCConfigurationList;
			buildConfigurations = (
				6F2A9ECB251193260067CE92 /* Debug */,
				6F2A9ECC251193260067CE92 /* Release */,
			);
			defaultConfigurationIsVisible = 0;
			defaultConfigurationName = Release;
		};
		6F2A9ECD251193260067CE92 /* Build configuration list for PBXNativeTarget "realm1" */ = {
			isa = XCConfigurationList;
			buildConfigurations = (
				6F2A9ECE251193260067CE92 /* Debug */,
				6F2A9ECF251193260067CE92 /* Release */,
			);
			defaultConfigurationIsVisible = 0;
			defaultConfigurationName = Release;
		};
/* End XCConfigurationList section */
	};
	rootObject = 6F2A9EB1251193240067CE92 /* Project object */;
}
